
Microsoft Visual Studio Solution File, Format Version 12.00
# Visual Studio Version 16
VisualStudioVersion = 16.0.32901.82
MinimumVisualStudioVersion = 10.0.40219.1
Project("{FAE04EC0-301F-11D3-BF4B-00C04F79EFBC}") = "BusquedaDeParejas", "BusquedaDeParejas\BusquedaDeParejas.csproj", "{63DE51BF-F6B3-4CA3-A4B0-BE290148DEC2}"
EndProject
Global
	GlobalSection(SolutionConfigurationPlatforms) = preSolution
		Debug|Any CPU = Debug|Any CPU
		Release|Any CPU = Release|Any CPU
	EndGlobalSection
	GlobalSection(ProjectConfigurationPlatforms) = postSolution
		{63DE51BF-F6B3-4CA3-A4B0-BE290148DEC2}.Debug|Any CPU.ActiveCfg = Debug|Any CPU
		{63DE51BF-F6B3-4CA3-A4B0-BE290148DEC2}.Debug|Any CPU.Build.0 = Debug|Any CPU
		{63DE51BF-F6B3-4CA3-A4B0-BE290148DEC2}.Release|Any CPU.ActiveCfg = Release|Any CPU
		{63DE51BF-F6B3-4CA3-A4B0-BE290148DEC2}.Release|Any CPU.Build.0 = Release|Any CPU
	EndGlobalSection
	GlobalSection(SolutionProperties) = preSolution
		HideSolutionNode = FALSE
	EndGlobalSection
	GlobalSection(ExtensibilityGlobals) = postSolution
		SolutionGuid = {39654D2E-3E50-44E2-86DC-5A79468EC3C7}
	EndGlobalSection
EndGlobal
